# THIS IS AN AUTOGENERATED FILE. DO NOT EDIT THIS FILE DIRECTLY.
# yarn lockfile v1


element-resize-event-polyfill@^1.0.5:
  version "1.0.5"
  resolved "https://registry.npmjs.org/element-resize-event-polyfill/-/element-resize-event-polyfill-1.0.5.tgz#34676b2c2c54501b5c849723349ba3dec658fa2d"
  integrity sha512-HWjhWQIi8Ilw8YWyX5O4b7L2AIQE9SMP+LFoHrr6b1ZLIUIpqybA5eU3v2uWAnE0ptCxyLTT92IgLTehWldIfQ==
  dependencies:
    resize-observer-polyfill "^1.5.1"

jquery@^3.6.0:
  version "3.6.3"
  resolved "https://registry.npmjs.org/jquery/-/jquery-3.6.3.tgz#23ed2ffed8a19e048814f13391a19afcdba160e6"
  integrity sha512-bZ5Sy3YzKo9Fyc8wH2iIQK4JImJ6R0GWI9kL1/k7Z91ZBNgkRXE6U0JfHIizZbort8ZunhSI3jw9I6253ahKfg==

lodash@^4.17.21:
  version "4.17.21"
  resolved "https://registry.npmjs.org/lodash/-/lodash-4.17.21.tgz#679591c564c3bffaae8454cf0b3df370c3d6911c"
  integrity sha512-v2kDEe57lecTulaDIuNTPy3Ry4gLGJ6Z1O3vE1krgXZNrsQ+LFTGHVxVjcXPs17LhbZVGedAJv8XZ1tvj5FvSg==

mxdraw@^0.1.128:
  version "0.1.128"
  resolved "https://registry.npmjs.org/mxdraw/-/mxdraw-0.1.128.tgz#94617aca690b4727d6c19028f8170b4ce4e93138"
  integrity sha512-qHdsCSYqfwLgz2YYGo0CVaF6rjLnMSwiD2Y8Kb+0CjcpDUU+IDjuzRdG/RHSvc6xQxbAcPakyIqMAnz1qsaTlQ==
  dependencies:
    element-resize-event-polyfill "^1.0.5"
    jquery "^3.6.0"
    lodash "^4.17.21"

resize-observer-polyfill@^1.5.1:
  version "1.5.1"
  resolved "https://registry.npmjs.org/resize-observer-polyfill/-/resize-observer-polyfill-1.5.1.tgz#0e9020dd3d21024458d4ebd27e23e40269810464"
  integrity sha512-LwZrotdHOo12nQuZlHEmtuXdqGoOD0OhaxopaNFxWzInpEgaLWoVuAMbTzixuosCx2nEG58ngzW3vxdWoxIgdg==
